
Microsoft Visual Studio Solution File, Format Version 12.00
# Visual Studio Version 17
VisualStudioVersion = 17.8.34330.188
MinimumVisualStudioVersion = 10.0.40219.1
Project("{FAE04EC0-301F-11D3-BF4B-00C04F79EFBC}") = "Products Module", "Products Module.csproj", "{E268BFCB-8019-4D77-9CFA-BFA3F99DAE30}"
EndProject
Project("{FAE04EC0-301F-11D3-BF4B-00C04F79EFBC}") = "Products.Domain", "..\Products.Domain\Products.Domain.csproj", "{DF680122-FAFC-4180-995E-51E3772F7747}"
EndProject
Project("{FAE04EC0-301F-11D3-BF4B-00C04F79EFBC}") = "products.Application", "..\products.Application\products.Application.csproj", "{1BFC24AD-74AF-499A-AF37-D16A79FFC355}"
EndProject
Project("{FAE04EC0-301F-11D3-BF4B-00C04F79EFBC}") = "Products.Modal", "..\Products.Modal\Products.Modal.csproj", "{AEC72002-A9D0-4819-B73A-273CD53AA526}"
EndProject
Project("{FAE04EC0-301F-11D3-BF4B-00C04F79EFBC}") = "Products.View-Request_Modals", "..\Products.View-Request_Modals\Products.View-Request_Modals.csproj", "{31CB97DB-7473-461A-86E4-495F2B5307F7}"
EndProject
Global
	GlobalSection(SolutionConfigurationPlatforms) = preSolution
		Debug|Any CPU = Debug|Any CPU
		Release|Any CPU = Release|Any CPU
	EndGlobalSection
	GlobalSection(ProjectConfigurationPlatforms) = postSolution
		{E268BFCB-8019-4D77-9CFA-BFA3F99DAE30}.Debug|Any CPU.ActiveCfg = Debug|Any CPU
		{E268BFCB-8019-4D77-9CFA-BFA3F99DAE30}.Debug|Any CPU.Build.0 = Debug|Any CPU
		{E268BFCB-8019-4D77-9CFA-BFA3F99DAE30}.Release|Any CPU.ActiveCfg = Release|Any CPU
		{E268BFCB-8019-4D77-9CFA-BFA3F99DAE30}.Release|Any CPU.Build.0 = Release|Any CPU
		{DF680122-FAFC-4180-995E-51E3772F7747}.Debug|Any CPU.ActiveCfg = Debug|Any CPU
		{DF680122-FAFC-4180-995E-51E3772F7747}.Debug|Any CPU.Build.0 = Debug|Any CPU
		{DF680122-FAFC-4180-995E-51E3772F7747}.Release|Any CPU.ActiveCfg = Release|Any CPU
		{DF680122-FAFC-4180-995E-51E3772F7747}.Release|Any CPU.Build.0 = Release|Any CPU
		{1BFC24AD-74AF-499A-AF37-D16A79FFC355}.Debug|Any CPU.ActiveCfg = Debug|Any CPU
		{1BFC24AD-74AF-499A-AF37-D16A79FFC355}.Debug|Any CPU.Build.0 = Debug|Any CPU
		{1BFC24AD-74AF-499A-AF37-D16A79FFC355}.Release|Any CPU.ActiveCfg = Release|Any CPU
		{1BFC24AD-74AF-499A-AF37-D16A79FFC355}.Release|Any CPU.Build.0 = Release|Any CPU
		{AEC72002-A9D0-4819-B73A-273CD53AA526}.Debug|Any CPU.ActiveCfg = Debug|Any CPU
		{AEC72002-A9D0-4819-B73A-273CD53AA526}.Debug|Any CPU.Build.0 = Debug|Any CPU
		{AEC72002-A9D0-4819-B73A-273CD53AA526}.Release|Any CPU.ActiveCfg = Release|Any CPU
		{AEC72002-A9D0-4819-B73A-273CD53AA526}.Release|Any CPU.Build.0 = Release|Any CPU
		{31CB97DB-7473-461A-86E4-495F2B5307F7}.Debug|Any CPU.ActiveCfg = Debug|Any CPU
		{31CB97DB-7473-461A-86E4-495F2B5307F7}.Debug|Any CPU.Build.0 = Debug|Any CPU
		{31CB97DB-7473-461A-86E4-495F2B5307F7}.Release|Any CPU.ActiveCfg = Release|Any CPU
		{31CB97DB-7473-461A-86E4-495F2B5307F7}.Release|Any CPU.Build.0 = Release|Any CPU
	EndGlobalSection
	GlobalSection(SolutionProperties) = preSolution
		HideSolutionNode = FALSE
	EndGlobalSection
	GlobalSection(ExtensibilityGlobals) = postSolution
		SolutionGuid = {76E908F5-49F2-42CF-B05D-BD4D93EAAE3E}
	EndGlobalSection
EndGlobal
